# Release repository, tag, semantic version, and peeled source commit.
# UPSTREAM_DATE is the release date; UPSTREAM_SIGNER_WORKFLOW is the signing workflow.
# INSTALL_SH_SHA256 and INSTALL_PS1_SHA256 pin executable installer bytes.
# CHECKSUMS_SHA256 pins the release checksum inventory; SYNCED_NOTE records adoption.
# Generated by sync-upstream.sh; do not hand-edit.
UPSTREAM_REPO=https://github.com/awslabs/aidlc-workflows.git
UPSTREAM_TAG=v2.10.0
UPSTREAM_VERSION=2.10.0
UPSTREAM_SHA=2a883858f5483bce3b48f43b8f6d3ca2c042d6ae
UPSTREAM_DATE=2026-09-24
UPSTREAM_SIGNER_WORKFLOW=awslabs/aidlc-workflows/.github/workflows/release.yml
INSTALL_SH_SHA256=ab3ce473933a3ab7163120a3c59b65d29540537f8e6e8700551e31a3a9241801
INSTALL_PS1_SHA256=0a8e072321b2846f2b0fd913b32aadf990ffcf2fb3c3d3e8c15029e327c3ef4e
CHECKSUMS_SHA256=51b0667473e0a047843c55d8229e2a0e378f711d9bf96877b34533072773bed2
SYNCED_NOTE=Verified checksums and Sigstore attestations for v2.10.0.
