# Upstream pin for vendored src/
#
# src/ is a snapshot of the `dist/claude` directory of awslabs/aidlc-workflows
# (upstream's own built Claude Code target) at the commit below — normally a
# v2.x release-tag commit on the v2 branch. This file is the single source of
# truth for "what upstream are we on". targets/claude/sync-upstream.sh reads
# and rewrites it; do not edit the SHA by hand — run the sync script.
#
# Format: KEY=VALUE, one per line.
UPSTREAM_REPO=https://github.com/awslabs/aidlc-workflows.git
UPSTREAM_BRANCH=v2
UPSTREAM_SHA=b61e0edbf740472771c62cd00d392fcf37161c09
UPSTREAM_SUBDIR=dist/claude
UPSTREAM_SRC_TREE_HASH=292d759cf0d169470ca6676b9998a3f2af1c858a
UPSTREAM_DATE=2026-06-30
SYNCED_NOTE=Synced from v2; previous pin 392d576d32a8a1abe19ef12838785506ed77242b.
